
Microsoft Visual Studio Solution File, Format Version 12.00
# Visual Studio 15
VisualStudioVersion = 15.0.27703.2042
MinimumVisualStudioVersion = 10.0.40219.1
Project("{9A19103F-16F7-4668-BE54-9A1E7A4F7556}") = "RegisterProject-Spice", "RegisterProject-Spice\RegisterProject-Spice.csproj", "{D83D6124-B930-4770-8E77-CD0AB72BE75A}"
EndProject
Global
	GlobalSection(SolutionConfigurationPlatforms) = preSolution
		Debug|Any CPU = Debug|Any CPU
		Release|Any CPU = Release|Any CPU
	EndGlobalSection
	GlobalSection(ProjectConfigurationPlatforms) = postSolution
		{D83D6124-B930-4770-8E77-CD0AB72BE75A}.Debug|Any CPU.ActiveCfg = Debug|Any CPU
		{D83D6124-B930-4770-8E77-CD0AB72BE75A}.Debug|Any CPU.Build.0 = Debug|Any CPU
		{D83D6124-B930-4770-8E77-CD0AB72BE75A}.Release|Any CPU.ActiveCfg = Release|Any CPU
		{D83D6124-B930-4770-8E77-CD0AB72BE75A}.Release|Any CPU.Build.0 = Release|Any CPU
		{7AECF23B-36CF-4600-A65A-45DBD6F57AC8}.Debug|Any CPU.ActiveCfg = Debug|Any CPU
		{7AECF23B-36CF-4600-A65A-45DBD6F57AC8}.Debug|Any CPU.Build.0 = Debug|Any CPU
		{7AECF23B-36CF-4600-A65A-45DBD6F57AC8}.Release|Any CPU.ActiveCfg = Release|Any CPU
		{7AECF23B-36CF-4600-A65A-45DBD6F57AC8}.Release|Any CPU.Build.0 = Release|Any CPU
	EndGlobalSection
	GlobalSection(SolutionProperties) = preSolution
		HideSolutionNode = FALSE
	EndGlobalSection
	GlobalSection(NestedProjects) = preSolution
		{DDF2CAC8-655D-4AF9-9725-BBE0DA2AABA9} = {EA85DF67-A8DB-4EF5-86B7-90FE5728D066}
	EndGlobalSection
	GlobalSection(ExtensibilityGlobals) = postSolution
		SolutionGuid = {25F0F1E4-7A67-4391-A039-DEB735E93768}
	EndGlobalSection
EndGlobal
